
Microsoft Visual Studio Solution File, Format Version 12.00
# Visual Studio Version 16
VisualStudioVersion = 16.0.30503.244
MinimumVisualStudioVersion = 10.0.40219.1
Project("{FAE04EC0-301F-11D3-BF4B-00C04F79EFBC}") = "Online_Shop", "Online_Shop\Online_Shop.csproj", "{509943DE-7FE5-44BD-AB53-1B9D116C1C27}"
EndProject
Global
	GlobalSection(SolutionConfigurationPlatforms) = preSolution
		Debug|Any CPU = Debug|Any CPU
		Release|Any CPU = Release|Any CPU
	EndGlobalSection
	GlobalSection(ProjectConfigurationPlatforms) = postSolution
		{509943DE-7FE5-44BD-AB53-1B9D116C1C27}.Debug|Any CPU.ActiveCfg = Debug|Any CPU
		{509943DE-7FE5-44BD-AB53-1B9D116C1C27}.Debug|Any CPU.Build.0 = Debug|Any CPU
		{509943DE-7FE5-44BD-AB53-1B9D116C1C27}.Release|Any CPU.ActiveCfg = Release|Any CPU
		{509943DE-7FE5-44BD-AB53-1B9D116C1C27}.Release|Any CPU.Build.0 = Release|Any CPU
	EndGlobalSection
	GlobalSection(SolutionProperties) = preSolution
		HideSolutionNode = FALSE
	EndGlobalSection
	GlobalSection(ExtensibilityGlobals) = postSolution
		SolutionGuid = {29470970-10B2-44B6-9EAA-05740DF386D9}
	EndGlobalSection
EndGlobal
